version = 1
requires-python = ">=3.13"

[[package]]
name = "dev-utils"
version = "0.1.0"
source = { virtual = "." }
dependencies = [
    { name = "sqlalchemy" },
]

[package.metadata]
requires-dist = [{ name = "sqlalchemy", specifier = ">=2.0.37" }]

[[package]]
name = "greenlet"
version = "3.1.1"
source = { registry = "https://pypi.org/simple" }
sdist = { url = "https://files.pythonhosted.org/packages/2f/ff/df5fede753cc10f6a5be0931204ea30c35fa2f2ea7a35b25bdaf4fe40e46/greenlet-3.1.1.tar.gz", hash = "sha256:4ce3ac6cdb6adf7946475d7ef31777c26d94bccc377e070a7986bd2d5c515467", size = 186022 }
wheels = [
    { url = "https://files.pythonhosted.org/packages/f3/57/0db4940cd7bb461365ca8d6fd53e68254c9dbbcc2b452e69d0d41f10a85e/greenlet-3.1.1-cp313-cp313-macosx_11_0_universal2.whl", hash = "sha256:05175c27cb459dcfc05d026c4232f9de8913ed006d42713cb8a5137bd49375f1", size = 272990 },
    { url = "https://files.pythonhosted.org/packages/1c/ec/423d113c9f74e5e402e175b157203e9102feeb7088cee844d735b28ef963/greenlet-3.1.1-cp313-cp313-manylinux_2_17_aarch64.manylinux2014_aarch64.whl", hash = "sha256:935e943ec47c4afab8965954bf49bfa639c05d4ccf9ef6e924188f762145c0ff", size = 649175 },
    { url = "https://files.pythonhosted.org/packages/a9/46/ddbd2db9ff209186b7b7c621d1432e2f21714adc988703dbdd0e65155c77/greenlet-3.1.1-cp313-cp313-manylinux_2_17_ppc64le.manylinux2014_ppc64le.whl", hash = "sha256:667a9706c970cb552ede35aee17339a18e8f2a87a51fba2ed39ceeeb1004798a", size = 663425 },
    { url = "https://files.pythonhosted.org/packages/bc/f9/9c82d6b2b04aa37e38e74f0c429aece5eeb02bab6e3b98e7db89b23d94c6/greenlet-3.1.1-cp313-cp313-manylinux_2_17_s390x.manylinux2014_s390x.whl", hash = "sha256:b8a678974d1f3aa55f6cc34dc480169d58f2e6d8958895d68845fa4ab566509e", size = 657736 },
    { url = "https://files.pythonhosted.org/packages/d9/42/b87bc2a81e3a62c3de2b0d550bf91a86939442b7ff85abb94eec3fc0e6aa/greenlet-3.1.1-cp313-cp313-manylinux_2_17_x86_64.manylinux2014_x86_64.whl", hash = "sha256:efc0f674aa41b92da8c49e0346318c6075d734994c3c4e4430b1c3f853e498e4", size = 660347 },
    { url = "https://files.pythonhosted.org/packages/37/fa/71599c3fd06336cdc3eac52e6871cfebab4d9d70674a9a9e7a482c318e99/greenlet-3.1.1-cp313-cp313-manylinux_2_24_x86_64.manylinux_2_28_x86_64.whl", hash = "sha256:0153404a4bb921f0ff1abeb5ce8a5131da56b953eda6e14b88dc6bbc04d2049e", size = 615583 },
    { url = "https://files.pythonhosted.org/packages/4e/96/e9ef85de031703ee7a4483489b40cf307f93c1824a02e903106f2ea315fe/greenlet-3.1.1-cp313-cp313-musllinux_1_1_aarch64.whl", hash = "sha256:275f72decf9932639c1c6dd1013a1bc266438eb32710016a1c742df5da6e60a1", size = 1133039 },
    { url = "https://files.pythonhosted.org/packages/87/76/b2b6362accd69f2d1889db61a18c94bc743e961e3cab344c2effaa4b4a25/greenlet-3.1.1-cp313-cp313-musllinux_1_1_x86_64.whl", hash = "sha256:c4aab7f6381f38a4b42f269057aee279ab0fc7bf2e929e3d4abfae97b682a12c", size = 1160716 },
    { url = "https://files.pythonhosted.org/packages/1f/1b/54336d876186920e185066d8c3024ad55f21d7cc3683c856127ddb7b13ce/greenlet-3.1.1-cp313-cp313-win_amd64.whl", hash = "sha256:b42703b1cf69f2aa1df7d1030b9d77d3e584a70755674d60e710f0af570f3761", size = 299490 },
    { url = "https://files.pythonhosted.org/packages/5f/17/bea55bf36990e1638a2af5ba10c1640273ef20f627962cf97107f1e5d637/greenlet-3.1.1-cp313-cp313t-manylinux_2_17_aarch64.manylinux2014_aarch64.whl", hash = "sha256:f1695e76146579f8c06c1509c7ce4dfe0706f49c6831a817ac04eebb2fd02011", size = 643731 },
    { url = "https://files.pythonhosted.org/packages/78/d2/aa3d2157f9ab742a08e0fd8f77d4699f37c22adfbfeb0c610a186b5f75e0/greenlet-3.1.1-cp313-cp313t-manylinux_2_17_ppc64le.manylinux2014_ppc64le.whl", hash = "sha256:7876452af029456b3f3549b696bb36a06db7c90747740c5302f74a9e9fa14b13", size = 649304 },
    { url = "https://files.pythonhosted.org/packages/f1/8e/d0aeffe69e53ccff5a28fa86f07ad1d2d2d6537a9506229431a2a02e2f15/greenlet-3.1.1-cp313-cp313t-manylinux_2_17_s390x.manylinux2014_s390x.whl", hash = "sha256:4ead44c85f8ab905852d3de8d86f6f8baf77109f9da589cb4fa142bd3b57b475", size = 646537 },
    { url = "https://files.pythonhosted.org/packages/05/79/e15408220bbb989469c8871062c97c6c9136770657ba779711b90870d867/greenlet-3.1.1-cp313-cp313t-manylinux_2_17_x86_64.manylinux2014_x86_64.whl", hash = "sha256:8320f64b777d00dd7ccdade271eaf0cad6636343293a25074cc5566160e4de7b", size = 642506 },
    { url = "https://files.pythonhosted.org/packages/18/87/470e01a940307796f1d25f8167b551a968540fbe0551c0ebb853cb527dd6/greenlet-3.1.1-cp313-cp313t-manylinux_2_24_x86_64.manylinux_2_28_x86_64.whl", hash = "sha256:6510bf84a6b643dabba74d3049ead221257603a253d0a9873f55f6a59a65f822", size = 602753 },
    { url = "https://files.pythonhosted.org/packages/e2/72/576815ba674eddc3c25028238f74d7b8068902b3968cbe456771b166455e/greenlet-3.1.1-cp313-cp313t-musllinux_1_1_aarch64.whl", hash = "sha256:04b013dc07c96f83134b1e99888e7a79979f1a247e2a9f59697fa14b5862ed01", size = 1122731 },
    { url = "https://files.pythonhosted.org/packages/ac/38/08cc303ddddc4b3d7c628c3039a61a3aae36c241ed01393d00c2fd663473/greenlet-3.1.1-cp313-cp313t-musllinux_1_1_x86_64.whl", hash = "sha256:411f015496fec93c1c8cd4e5238da364e1da7a124bcb293f085bf2860c32c6f6", size = 1142112 },
]

[[package]]
name = "sqlalchemy"
version = "2.0.37"
source = { registry = "https://pypi.org/simple" }
dependencies = [
    { name = "greenlet", marker = "(python_full_version < '3.14' and platform_machine == 'AMD64') or (python_full_version < '3.14' and platform_machine == 'WIN32') or (python_full_version < '3.14' and platform_machine == 'aarch64') or (python_full_version < '3.14' and platform_machine == 'amd64') or (python_full_version < '3.14' and platform_machine == 'ppc64le') or (python_full_version < '3.14' and platform_machine == 'win32') or (python_full_version < '3.14' and platform_machine == 'x86_64')" },
    { name = "typing-extensions" },
]
sdist = { url = "https://files.pythonhosted.org/packages/3b/20/93ea2518df4d7a14ebe9ace9ab8bb92aaf7df0072b9007644de74172b06c/sqlalchemy-2.0.37.tar.gz", hash = "sha256:12b28d99a9c14eaf4055810df1001557176716de0167b91026e648e65229bffb", size = 9626249 }
wheels = [
    { url = "https://files.pythonhosted.org/packages/45/d1/e63e56ceab148e69f545703a74b90c8c6dc0a04a857e4e63a4c07a23cf91/SQLAlchemy-2.0.37-cp313-cp313-macosx_10_13_x86_64.whl", hash = "sha256:8c4096727193762e72ce9437e2a86a110cf081241919ce3fab8e89c02f6b6658", size = 2097968 },
    { url = "https://files.pythonhosted.org/packages/fd/e5/93ce63310347062bd42aaa8b6785615c78539787ef4380252fcf8e2dcee3/SQLAlchemy-2.0.37-cp313-cp313-macosx_11_0_arm64.whl", hash = "sha256:e4fb5ac86d8fe8151966814f6720996430462e633d225497566b3996966b9bdb", size = 2088445 },
    { url = "https://files.pythonhosted.org/packages/1b/8c/d0e0081c09188dd26040fc8a09c7d87f539e1964df1ac60611b98ff2985a/SQLAlchemy-2.0.37-cp313-cp313-manylinux_2_17_aarch64.manylinux2014_aarch64.whl", hash = "sha256:e56a139bfe136a22c438478a86f8204c1eb5eed36f4e15c4224e4b9db01cb3e4", size = 3174880 },
    { url = "https://files.pythonhosted.org/packages/79/f7/3396038d8d4ea92c72f636a007e2fac71faae0b59b7e21af46b635243d09/SQLAlchemy-2.0.37-cp313-cp313-manylinux_2_17_x86_64.manylinux2014_x86_64.whl", hash = "sha256:2f95fc8e3f34b5f6b3effb49d10ac97c569ec8e32f985612d9b25dd12d0d2e94", size = 3188226 },
    { url = "https://files.pythonhosted.org/packages/ef/33/7a1d85716b29c86a744ed43690e243cb0e9c32e3b68a67a97eaa6b49ef66/SQLAlchemy-2.0.37-cp313-cp313-musllinux_1_2_aarch64.whl", hash = "sha256:c505edd429abdfe3643fa3b2e83efb3445a34a9dc49d5f692dd087be966020e0", size = 3121425 },
    { url = "https://files.pythonhosted.org/packages/27/11/fa63a77c88eb2f79bb8b438271fbacd66a546a438e4eaba32d62f11298e2/SQLAlchemy-2.0.37-cp313-cp313-musllinux_1_2_x86_64.whl", hash = "sha256:12b0f1ec623cccf058cf21cb544f0e74656618165b083d78145cafde156ea7b6", size = 3149589 },
    { url = "https://files.pythonhosted.org/packages/b6/04/fcdd103b6871f2110460b8275d1c4828daa806997b0fa5a01c1cd7fd522d/SQLAlchemy-2.0.37-cp313-cp313-win32.whl", hash = "sha256:293f9ade06b2e68dd03cfb14d49202fac47b7bb94bffcff174568c951fbc7af2", size = 2070746 },
    { url = "https://files.pythonhosted.org/packages/d4/7c/e024719205bdc1465b7b7d3d22ece8e1ad57bc7d76ef6ed78bb5f812634a/SQLAlchemy-2.0.37-cp313-cp313-win_amd64.whl", hash = "sha256:d70f53a0646cc418ca4853da57cf3ddddbccb8c98406791f24426f2dd77fd0e2", size = 2094612 },
    { url = "https://files.pythonhosted.org/packages/3b/36/59cc97c365f2f79ac9f3f51446cae56dfd82c4f2dd98497e6be6de20fb91/SQLAlchemy-2.0.37-py3-none-any.whl", hash = "sha256:a8998bf9f8658bd3839cbc44ddbe982955641863da0c1efe5b00c1ab4f5c16b1", size = 1894113 },
]

[[package]]
name = "typing-extensions"
version = "4.12.2"
source = { registry = "https://pypi.org/simple" }
sdist = { url = "https://files.pythonhosted.org/packages/df/db/f35a00659bc03fec321ba8bce9420de607a1d37f8342eee1863174c69557/typing_extensions-4.12.2.tar.gz", hash = "sha256:1a7ead55c7e559dd4dee8856e3a88b41225abfe1ce8df57b7c13915fe121ffb8", size = 85321 }
wheels = [
    { url = "https://files.pythonhosted.org/packages/26/9f/ad63fc0248c5379346306f8668cda6e2e2e9c95e01216d2b8ffd9ff037d0/typing_extensions-4.12.2-py3-none-any.whl", hash = "sha256:04e5ca0351e0f3f85c6853954072df659d0d13fac324d0072316b67d7794700d", size = 37438 },
]
